
Microsoft Visual Studio Solution File, Format Version 12.00
# Visual Studio Version 16
VisualStudioVersion = 16.0.31702.278
MinimumVisualStudioVersion = 10.0.40219.1
Project("{FAE04EC0-301F-11D3-BF4B-00C04F79EFBC}") = "Task_1", "Task_1\Task_1.csproj", "{50714D5D-3964-46D9-97E9-90F1AE400337}"
EndProject
Project("{FAE04EC0-301F-11D3-BF4B-00C04F79EFBC}") = "Task_2", "Task_2\Task_2.csproj", "{329C9821-AB12-4D12-B6F8-D9FFED4F5148}"
EndProject
Project("{FAE04EC0-301F-11D3-BF4B-00C04F79EFBC}") = "Task_3", "Task_3\Task_3.csproj", "{5AEAAA37-E4F3-4FF0-9550-BC3B79438B8B}"
EndProject
Global
	GlobalSection(SolutionConfigurationPlatforms) = preSolution
		Debug|Any CPU = Debug|Any CPU
		Release|Any CPU = Release|Any CPU
	EndGlobalSection
	GlobalSection(ProjectConfigurationPlatforms) = postSolution
		{50714D5D-3964-46D9-97E9-90F1AE400337}.Debug|Any CPU.ActiveCfg = Debug|Any CPU
		{50714D5D-3964-46D9-97E9-90F1AE400337}.Debug|Any CPU.Build.0 = Debug|Any CPU
		{50714D5D-3964-46D9-97E9-90F1AE400337}.Release|Any CPU.ActiveCfg = Release|Any CPU
		{50714D5D-3964-46D9-97E9-90F1AE400337}.Release|Any CPU.Build.0 = Release|Any CPU
		{329C9821-AB12-4D12-B6F8-D9FFED4F5148}.Debug|Any CPU.ActiveCfg = Debug|Any CPU
		{329C9821-AB12-4D12-B6F8-D9FFED4F5148}.Debug|Any CPU.Build.0 = Debug|Any CPU
		{329C9821-AB12-4D12-B6F8-D9FFED4F5148}.Release|Any CPU.ActiveCfg = Release|Any CPU
		{329C9821-AB12-4D12-B6F8-D9FFED4F5148}.Release|Any CPU.Build.0 = Release|Any CPU
		{5AEAAA37-E4F3-4FF0-9550-BC3B79438B8B}.Debug|Any CPU.ActiveCfg = Debug|Any CPU
		{5AEAAA37-E4F3-4FF0-9550-BC3B79438B8B}.Debug|Any CPU.Build.0 = Debug|Any CPU
		{5AEAAA37-E4F3-4FF0-9550-BC3B79438B8B}.Release|Any CPU.ActiveCfg = Release|Any CPU
		{5AEAAA37-E4F3-4FF0-9550-BC3B79438B8B}.Release|Any CPU.Build.0 = Release|Any CPU
	EndGlobalSection
	GlobalSection(SolutionProperties) = preSolution
		HideSolutionNode = FALSE
	EndGlobalSection
	GlobalSection(ExtensibilityGlobals) = postSolution
		SolutionGuid = {9AE2C1D9-9DC5-426B-B925-3D57486D0226}
	EndGlobalSection
EndGlobal
